// !$*UTF8*$!
{
	archiveVersion = 1;
	classes = {
	};
	objectVersion = 55;
	objects = {

/* Begin PBXBuildFile section */
		60D3808F2848D5AB00D2DABC /* AppDelegate.swift in Sources */ = {isa = PBXBuildFile; fileRef = 60D3808E2848D5AB00D2DABC /* AppDelegate.swift */; };
		60D380912848D5AB00D2DABC /* SceneDelegate.swift in Sources */ = {isa = PBXBuildFile; fileRef = 60D380902848D5AB00D2DABC /* SceneDelegate.swift */; };
		60D380932848D5AB00D2DABC /* ViewController.swift in Sources */ = {isa = PBXBuildFile; fileRef = 60D380922848D5AB00D2DABC /* ViewController.swift */; };
		60D380962848D5AB00D2DABC /* Main.storyboard in Resources */ = {isa = PBXBuildFile; fileRef = 60D380942848D5AB00D2DABC /* Main.storyboard */; };
		60D380982848D5AD00D2DABC /* Assets.xcassets in Resources */ = {isa = PBXBuildFile; fileRef = 60D380972848D5AD00D2DABC /* Assets.xcassets */; };
		60D3809B2848D5AD00D2DABC /* LaunchScreen.storyboard in Resources */ = {isa = PBXBuildFile; fileRef = 60D380992848D5AD00D2DABC /* LaunchScreen.storyboard */; };
		60D380A32848D60B00D2DABC /* Exercise.swift in Sources */ = {isa = PBXBuildFile; fileRef = 60D380A22848D60B00D2DABC /* Exercise.swift */; };
		60D380A52848D6E500D2DABC /* Jumping.swift in Sources */ = {isa = PBXBuildFile; fileRef = 60D380A42848D6E500D2DABC /* Jumping.swift */; };
		60D380A72848D92200D2DABC /* Squats.swift in Sources */ = {isa = PBXBuildFile; fileRef = 60D380A62848D92200D2DABC /* Squats.swift */; };
		60D380AA2848DB4200D2DABC /* FactoryExercise.swift in Sources */ = {isa = PBXBuildFile; fileRef = 60D380A92848DB4200D2DABC /* FactoryExercise.swift */; };
/* End PBXBuildFile section */

/* Begin PBXFileReference section */
		60D3808B2848D5AB00D2DABC /* Factory Method.app */ = {isa = PBXFileReference; explicitFileType = wrapper.application; includeInIndex = 0; path = "Factory Method.app"; sourceTree = BUILT_PRODUCTS_DIR; };
		60D3808E2848D5AB00D2DABC /* AppDelegate.swift */ = {isa = PBXFileReference; lastKnownFileType = sourcecode.swift; path = AppDelegate.swift; sourceTree = "<group>"; };
		60D380902848D5AB00D2DABC /* SceneDelegate.swift */ = {isa = PBXFileReference; lastKnownFileType = sourcecode.swift; path = SceneDelegate.swift; sourceTree = "<group>"; };
		60D380922848D5AB00D2DABC /* ViewController.swift */ = {isa = PBXFileReference; lastKnownFileType = sourcecode.swift; path = ViewController.swift; sourceTree = "<group>"; };
		60D380952848D5AB00D2DABC /* Base */ = {isa = PBXFileReference; lastKnownFileType = file.storyboard; name = Base; path = Base.lproj/Main.storyboard; sourceTree = "<group>"; };
		60D380972848D5AD00D2DABC /* Assets.xcassets */ = {isa = PBXFileReference; lastKnownFileType = folder.assetcatalog; path = Assets.xcassets; sourceTree = "<group>"; };
		60D3809A2848D5AD00D2DABC /* Base */ = {isa = PBXFileReference; lastKnownFileType = file.storyboard; name = Base; path = Base.lproj/LaunchScreen.storyboard; sourceTree = "<group>"; };
		60D3809C2848D5AD00D2DABC /* Info.plist */ = {isa = PBXFileReference; lastKnownFileType = text.plist.xml; path = Info.plist; sourceTree = "<group>"; };
		60D380A22848D60B00D2DABC /* Exercise.swift */ = {isa = PBXFileReference; lastKnownFileType = sourcecode.swift; path = Exercise.swift; sourceTree = "<group>"; };
		60D380A42848D6E500D2DABC /* Jumping.swift */ = {isa = PBXFileReference; lastKnownFileType = sourcecode.swift; path = Jumping.swift; sourceTree = "<group>"; };
		60D380A62848D92200D2DABC /* Squats.swift */ = {isa = PBXFileReference; lastKnownFileType = sourcecode.swift; path = Squats.swift; sourceTree = "<group>"; };
		60D380A92848DB4200D2DABC /* FactoryExercise.swift */ = {isa = PBXFileReference; lastKnownFileType = sourcecode.swift; path = FactoryExercise.swift; sourceTree = "<group>"; };
/* End PBXFileReference section */

/* Begin PBXFrameworksBuildPhase section */
		60D380882848D5AB00D2DABC /* Frameworks */ = {
			isa = PBXFrameworksBuildPhase;
			buildActionMask = 2147483647;
			files = (
			);
			runOnlyForDeploymentPostprocessing = 0;
		};
/* End PBXFrameworksBuildPhase section */

/* Begin PBXGroup section */
		60D380822848D5AB00D2DABC = {
			isa = PBXGroup;
			children = (
				60D3808D2848D5AB00D2DABC /* Factory Method */,
				60D3808C2848D5AB00D2DABC /* Products */,
			);
			sourceTree = "<group>";
		};
		60D3808C2848D5AB00D2DABC /* Products */ = {
			isa = PBXGroup;
			children = (
				60D3808B2848D5AB00D2DABC /* Factory Method.app */,
			);
			name = Products;
			sourceTree = "<group>";
		};
		60D3808D2848D5AB00D2DABC /* Factory Method */ = {
			isa = PBXGroup;
			children = (
				60D3808E2848D5AB00D2DABC /* AppDelegate.swift */,
				60D380902848D5AB00D2DABC /* SceneDelegate.swift */,
				60D380AB2848E0EE00D2DABC /* Factory */,
				60D380A82848DA0300D2DABC /* Exercise */,
				60D380922848D5AB00D2DABC /* ViewController.swift */,
				60D380942848D5AB00D2DABC /* Main.storyboard */,
				60D380972848D5AD00D2DABC /* Assets.xcassets */,
				60D380992848D5AD00D2DABC /* LaunchScreen.storyboard */,
				60D3809C2848D5AD00D2DABC /* Info.plist */,
			);
			path = "Factory Method";
			sourceTree = "<group>";
		};
		60D380A82848DA0300D2DABC /* Exercise */ = {
			isa = PBXGroup;
			children = (
				60D380A22848D60B00D2DABC /* Exercise.swift */,
				60D380A42848D6E500D2DABC /* Jumping.swift */,
				60D380A62848D92200D2DABC /* Squats.swift */,
			);
			path = Exercise;
			sourceTree = "<group>";
		};
		60D380AB2848E0EE00D2DABC /* Factory */ = {
			isa = PBXGroup;
			children = (
				60D380A92848DB4200D2DABC /* FactoryExercise.swift */,
			);
			path = Factory;
			sourceTree = "<group>";
		};
/* End PBXGroup section */

/* Begin PBXNativeTarget section */
		60D3808A2848D5AB00D2DABC /* Factory Method */ = {
			isa = PBXNativeTarget;
			buildConfigurationList = 60D3809F2848D5AD00D2DABC /* Build configuration list for PBXNativeTarget "Factory Method" */;
			buildPhases = (
				60D380872848D5AB00D2DABC /* Sources */,
				60D380882848D5AB00D2DABC /* Frameworks */,
				60D380892848D5AB00D2DABC /* Resources */,
			);
			buildRules = (
			);
			dependencies = (
			);
			name = "Factory Method";
			productName = "Factory Method";
			productReference = 60D3808B2848D5AB00D2DABC /* Factory Method.app */;
			productType = "com.apple.product-type.application";
		};
/* End PBXNativeTarget section */

/* Begin PBXProject section */
		60D380832848D5AB00D2DABC /* Project object */ = {
			isa = PBXProject;
			attributes = {
				BuildIndependentTargetsInParallel = 1;
				LastSwiftUpdateCheck = 1340;
				LastUpgradeCheck = 1340;
				TargetAttributes = {
					60D3808A2848D5AB00D2DABC = {
						CreatedOnToolsVersion = 13.4;
					};
				};
			};
			buildConfigurationList = 60D380862848D5AB00D2DABC /* Build configuration list for PBXProject "Factory Method" */;
			compatibilityVersion = "Xcode 13.0";
			developmentRegion = en;
			hasScannedForEncodings = 0;
			knownRegions = (
				en,
				Base,
			);
			mainGroup = 60D380822848D5AB00D2DABC;
			productRefGroup = 60D3808C2848D5AB00D2DABC /* Products */;
			projectDirPath = "";
			projectRoot = "";
			targets = (
				60D3808A2848D5AB00D2DABC /* Factory Method */,
			);
		};
/* End PBXProject section */

/* Begin PBXResourcesBuildPhase section */
		60D380892848D5AB00D2DABC /* Resources */ = {
			isa = PBXResourcesBuildPhase;
			buildActionMask = 2147483647;
			files = (
				60D3809B2848D5AD00D2DABC /* LaunchScreen.storyboard in Resources */,
				60D380982848D5AD00D2DABC /* Assets.xcassets in Resources */,
				60D380962848D5AB00D2DABC /* Main.storyboard in Resources */,
			);
			runOnlyForDeploymentPostprocessing = 0;
		};
/* End PBXResourcesBuildPhase section */

/* Begin PBXSourcesBuildPhase section */
		60D380872848D5AB00D2DABC /* Sources */ = {
			isa = PBXSourcesBuildPhase;
			buildActionMask = 2147483647;
			files = (
				60D380932848D5AB00D2DABC /* ViewController.swift in Sources */,
				60D380A72848D92200D2DABC /* Squats.swift in Sources */,
				60D380A32848D60B00D2DABC /* Exercise.swift in Sources */,
				60D3808F2848D5AB00D2DABC /* AppDelegate.swift in Sources */,
				60D380A52848D6E500D2DABC /* Jumping.swift in Sources */,
				60D380912848D5AB00D2DABC /* SceneDelegate.swift in Sources */,
				60D380AA2848DB4200D2DABC /* FactoryExercise.swift in Sources */,
			);
			runOnlyForDeploymentPostprocessing = 0;
		};
/* End PBXSourcesBuildPhase section */

/* Begin PBXVariantGroup section */
		60D380942848D5AB00D2DABC /* Main.storyboard */ = {
			isa = PBXVariantGroup;
			children = (
				60D380952848D5AB00D2DABC /* Base */,
			);
			name = Main.storyboard;
			sourceTree = "<group>";
		};
		60D380992848D5AD00D2DABC /* LaunchScreen.storyboard */ = {
			isa = PBXVariantGroup;
			children = (
				60D3809A2848D5AD00D2DABC /* Base */,
			);
			name = LaunchScreen.storyboard;
			sourceTree = "<group>";
		};
/* End PBXVariantGroup section */

/* Begin XCBuildConfiguration section */
		60D3809D2848D5AD00D2DABC /* Debug */ = {
			isa = XCBuildConfiguration;
			buildSettings = {
				ALWAYS_SEARCH_USER_PATHS = NO;
				CLANG_ANALYZER_NONNULL = YES;
				CLANG_ANALYZER_NUMBER_OBJECT_CONVERSION = YES_AGGRESSIVE;
				CLANG_CXX_LANGUAGE_STANDARD = "gnu++17";
				CLANG_ENABLE_MODULES = YES;
				CLANG_ENABLE_OBJC_ARC = YES;
				CLANG_ENABLE_OBJC_WEAK = YES;
				CLANG_WARN_BLOCK_CAPTURE_AUTORELEASING = YES;
				CLANG_WARN_BOOL_CONVERSION = YES;
				CLANG_WARN_COMMA = YES;
				CLANG_WARN_CONSTANT_CONVERSION = YES;
				CLANG_WARN_DEPRECATED_OBJC_IMPLEMENTATIONS = YES;
				CLANG_WARN_DIRECT_OBJC_ISA_USAGE = YES_ERROR;
				CLANG_WARN_DOCUMENTATION_COMMENTS = YES;
				CLANG_WARN_EMPTY_BODY = YES;
				CLANG_WARN_ENUM_CONVERSION = YES;
				CLANG_WARN_INFINITE_RECURSION = YES;
				CLANG_WARN_INT_CONVERSION = YES;
				CLANG_WARN_NON_LITERAL_NULL_CONVERSION = YES;
				CLANG_WARN_OBJC_IMPLICIT_RETAIN_SELF = YES;
				CLANG_WARN_OBJC_LITERAL_CONVERSION = YES;
				CLANG_WARN_OBJC_ROOT_CLASS = YES_ERROR;
				CLANG_WARN_QUOTED_INCLUDE_IN_FRAMEWORK_HEADER = YES;
				CLANG_WARN_RANGE_LOOP_ANALYSIS = YES;
				CLANG_WARN_STRICT_PROTOTYPES = YES;
				CLANG_WARN_SUSPICIOUS_MOVE = YES;
				CLANG_WARN_UNGUARDED_AVAILABILITY = YES_AGGRESSIVE;
				CLANG_WARN_UNREACHABLE_CODE = YES;
				CLANG_WARN__DUPLICATE_METHOD_MATCH = YES;
				COPY_PHASE_STRIP = NO;
				DEBUG_INFORMATION_FORMAT = dwarf;
				ENABLE_STRICT_OBJC_MSGSEND = YES;
				ENABLE_TESTABILITY = YES;
				GCC_C_LANGUAGE_STANDARD = gnu11;
				GCC_DYNAMIC_NO_PIC = NO;
				GCC_NO_COMMON_BLOCKS = YES;
				GCC_OPTIMIZATION_LEVEL = 0;
				GCC_PREPROCESSOR_DEFINITIONS = (
					"DEBUG=1",
					"$(inherited)",
				);
				GCC_WARN_64_TO_32_BIT_CONVERSION = YES;
				GCC_WARN_ABOUT_RETURN_TYPE = YES_ERROR;
				GCC_WARN_UNDECLARED_SELECTOR = YES;
				GCC_WARN_UNINITIALIZED_AUTOS = YES_AGGRESSIVE;
				GCC_WARN_UNUSED_FUNCTION = YES;
				GCC_WARN_UNUSED_VARIABLE = YES;
				IPHONEOS_DEPLOYMENT_TARGET = 15.5;
				MTL_ENABLE_DEBUG_INFO = INCLUDE_SOURCE;
				MTL_FAST_MATH = YES;
				ONLY_ACTIVE_ARCH = YES;
				SDKROOT = iphoneos;
				SWIFT_ACTIVE_COMPILATION_CONDITIONS = DEBUG;
				SWIFT_OPTIMIZATION_LEVEL = "-Onone";
			};
			name = Debug;
		};
		60D3809E2848D5AD00D2DABC /* Release */ = {
			isa = XCBuildConfiguration;
			buildSettings = {
				ALWAYS_SEARCH_USER_PATHS = NO;
				CLANG_ANALYZER_NONNULL = YES;
				CLANG_ANALYZER_NUMBER_OBJECT_CONVERSION = YES_AGGRESSIVE;
				CLANG_CXX_LANGUAGE_STANDARD = "gnu++17";
				CLANG_ENABLE_MODULES = YES;
				CLANG_ENABLE_OBJC_ARC = YES;
				CLANG_ENABLE_OBJC_WEAK = YES;
				CLANG_WARN_BLOCK_CAPTURE_AUTORELEASING = YES;
				CLANG_WARN_BOOL_CONVERSION = YES;
				CLANG_WARN_COMMA = YES;
				CLANG_WARN_CONSTANT_CONVERSION = YES;
				CLANG_WARN_DEPRECATED_OBJC_IMPLEMENTATIONS = YES;
				CLANG_WARN_DIRECT_OBJC_ISA_USAGE = YES_ERROR;
				CLANG_WARN_DOCUMENTATION_COMMENTS = YES;
				CLANG_WARN_EMPTY_BODY = YES;
				CLANG_WARN_ENUM_CONVERSION = YES;
				CLANG_WARN_INFINITE_RECURSION = YES;
				CLANG_WARN_INT_CONVERSION = YES;
				CLANG_WARN_NON_LITERAL_NULL_CONVERSION = YES;
				CLANG_WARN_OBJC_IMPLICIT_RETAIN_SELF = YES;
				CLANG_WARN_OBJC_LITERAL_CONVERSION = YES;
				CLANG_WARN_OBJC_ROOT_CLASS = YES_ERROR;
				CLANG_WARN_QUOTED_INCLUDE_IN_FRAMEWORK_HEADER = YES;
				CLANG_WARN_RANGE_LOOP_ANALYSIS = YES;
				CLANG_WARN_STRICT_PROTOTYPES = YES;
				CLANG_WARN_SUSPICIOUS_MOVE = YES;
				CLANG_WARN_UNGUARDED_AVAILABILITY = YES_AGGRESSIVE;
				CLANG_WARN_UNREACHABLE_CODE = YES;
				CLANG_WARN__DUPLICATE_METHOD_MATCH = YES;
				COPY_PHASE_STRIP = NO;
				DEBUG_INFORMATION_FORMAT = "dwarf-with-dsym";
				ENABLE_NS_ASSERTIONS = NO;
				ENABLE_STRICT_OBJC_MSGSEND = YES;
				GCC_C_LANGUAGE_STANDARD = gnu11;
				GCC_NO_COMMON_BLOCKS = YES;
				GCC_WARN_64_TO_32_BIT_CONVERSION = YES;
				GCC_WARN_ABOUT_RETURN_TYPE = YES_ERROR;
				GCC_WARN_UNDECLARED_SELECTOR = YES;
				GCC_WARN_UNINITIALIZED_AUTOS = YES_AGGRESSIVE;
				GCC_WARN_UNUSED_FUNCTION = YES;
				GCC_WARN_UNUSED_VARIABLE = YES;
				IPHONEOS_DEPLOYMENT_TARGET = 15.5;
				MTL_ENABLE_DEBUG_INFO = NO;
				MTL_FAST_MATH = YES;
				SDKROOT = iphoneos;
				SWIFT_COMPILATION_MODE = wholemodule;
				SWIFT_OPTIMIZATION_LEVEL = "-O";
				VALIDATE_PRODUCT = YES;
			};
			name = Release;
		};
		60D380A02848D5AD00D2DABC /* Debug */ = {
			isa = XCBuildConfiguration;
			buildSettings = {
				ASSETCATALOG_COMPILER_APPICON_NAME = AppIcon;
				ASSETCATALOG_COMPILER_GLOBAL_ACCENT_COLOR_NAME = AccentColor;
				CODE_SIGN_STYLE = Automatic;
				CURRENT_PROJECT_VERSION = 1;
				DEVELOPMENT_TEAM = 52244XZHVN;
				GENERATE_INFOPLIST_FILE = YES;
				INFOPLIST_FILE = "Factory Method/Info.plist";
				INFOPLIST_KEY_UIApplicationSupportsIndirectInputEvents = YES;
				INFOPLIST_KEY_UILaunchStoryboardName = LaunchScreen;
				INFOPLIST_KEY_UIMainStoryboardFile = Main;
				INFOPLIST_KEY_UISupportedInterfaceOrientations_iPad = "UIInterfaceOrientationPortrait UIInterfaceOrientationPortraitUpsideDown UIInterfaceOrientationLandscapeLeft UIInterfaceOrientationLandscapeRight";
				INFOPLIST_KEY_UISupportedInterfaceOrientations_iPhone = "UIInterfaceOrientationPortrait UIInterfaceOrientationLandscapeLeft UIInterfaceOrientationLandscapeRight";
				LD_RUNPATH_SEARCH_PATHS = (
					"$(inherited)",
					"@executable_path/Frameworks",
				);
				MARKETING_VERSION = 1.0;
				PRODUCT_BUNDLE_IDENTIFIER = "co.levchenko.Factory-Method";
				PRODUCT_NAME = "$(TARGET_NAME)";
				SWIFT_EMIT_LOC_STRINGS = YES;
				SWIFT_VERSION = 5.0;
				TARGETED_DEVICE_FAMILY = "1,2";
			};
			name = Debug;
		};
		60D380A12848D5AD00D2DABC /* Release */ = {
			isa = XCBuildConfiguration;
			buildSettings = {
				ASSETCATALOG_COMPILER_APPICON_NAME = AppIcon;
				ASSETCATALOG_COMPILER_GLOBAL_ACCENT_COLOR_NAME = AccentColor;
				CODE_SIGN_STYLE = Automatic;
				CURRENT_PROJECT_VERSION = 1;
				DEVELOPMENT_TEAM = 52244XZHVN;
				GENERATE_INFOPLIST_FILE = YES;
				INFOPLIST_FILE = "Factory Method/Info.plist";
				INFOPLIST_KEY_UIApplicationSupportsIndirectInputEvents = YES;
				INFOPLIST_KEY_UILaunchStoryboardName = LaunchScreen;
				INFOPLIST_KEY_UIMainStoryboardFile = Main;
				INFOPLIST_KEY_UISupportedInterfaceOrientations_iPad = "UIInterfaceOrientationPortrait UIInterfaceOrientationPortraitUpsideDown UIInterfaceOrientationLandscapeLeft UIInterfaceOrientationLandscapeRight";
				INFOPLIST_KEY_UISupportedInterfaceOrientations_iPhone = "UIInterfaceOrientationPortrait UIInterfaceOrientationLandscapeLeft UIInterfaceOrientationLandscapeRight";
				LD_RUNPATH_SEARCH_PATHS = (
					"$(inherited)",
					"@executable_path/Frameworks",
				);
				MARKETING_VERSION = 1.0;
				PRODUCT_BUNDLE_IDENTIFIER = "co.levchenko.Factory-Method";
				PRODUCT_NAME = "$(TARGET_NAME)";
				SWIFT_EMIT_LOC_STRINGS = YES;
				SWIFT_VERSION = 5.0;
				TARGETED_DEVICE_FAMILY = "1,2";
			};
			name = Release;
		};
/* End XCBuildConfiguration section */

/* Begin XCConfigurationList section */
		60D380862848D5AB00D2DABC /* Build configuration list for PBXProject "Factory Method" */ = {
			isa = XCConfigurationList;
			buildConfigurations = (
				60D3809D2848D5AD00D2DABC /* Debug */,
				60D3809E2848D5AD00D2DABC /* Release */,
			);
			defaultConfigurationIsVisible = 0;
			defaultConfigurationName = Release;
		};
		60D3809F2848D5AD00D2DABC /* Build configuration list for PBXNativeTarget "Factory Method" */ = {
			isa = XCConfigurationList;
			buildConfigurations = (
				60D380A02848D5AD00D2DABC /* Debug */,
				60D380A12848D5AD00D2DABC /* Release */,
			);
			defaultConfigurationIsVisible = 0;
			defaultConfigurationName = Release;
		};
/* End XCConfigurationList section */
	};
	rootObject = 60D380832848D5AB00D2DABC /* Project object */;
}
